// !$*UTF8*$!
{
	archiveVersion = 1;
	classes = {
	};
	objectVersion = 51;
	objects = {

/* Begin PBXBuildFile section */
		103699ECE4FD51185645216E /* Pods_React.framework in Frameworks */ = {isa = PBXBuildFile; fileRef = 324684D0CCF7BCA780114E04 /* Pods_React.framework */; };
		AC633BEC2306A7230078CF7E /* AppDelegate.swift in Sources */ = {isa = PBXBuildFile; fileRef = AC633BEB2306A7230078CF7E /* AppDelegate.swift */; };
		AC633BEE2306A7230078CF7E /* ViewController.swift in Sources */ = {isa = PBXBuildFile; fileRef = AC633BED2306A7230078CF7E /* ViewController.swift */; };
		AC633BF12306A7230078CF7E /* Main.storyboard in Resources */ = {isa = PBXBuildFile; fileRef = AC633BEF2306A7230078CF7E /* Main.storyboard */; };
		AC633BF32306A7240078CF7E /* Assets.xcassets in Resources */ = {isa = PBXBuildFile; fileRef = AC633BF22306A7240078CF7E /* Assets.xcassets */; };
		AC633BF62306A7240078CF7E /* LaunchScreen.storyboard in Resources */ = {isa = PBXBuildFile; fileRef = AC633BF42306A7240078CF7E /* LaunchScreen.storyboard */; };
		AC633C012306A7240078CF7E /* ReactTests.swift in Sources */ = {isa = PBXBuildFile; fileRef = AC633C002306A7240078CF7E /* ReactTests.swift */; };
		AC633C0C2306AE400078CF7E /* Localizable.strings in Resources */ = {isa = PBXBuildFile; fileRef = AC633C0B2306AE400078CF7E /* Localizable.strings */; };
		BD2C972C516744893ADE0977 /* Pods_ReactTests.framework in Frameworks */ = {isa = PBXBuildFile; fileRef = AD18D32816EDB7E9AAC0F018 /* Pods_ReactTests.framework */; };
/* End PBXBuildFile section */

/* Begin PBXContainerItemProxy section */
		AC633BFD2306A7240078CF7E /* PBXContainerItemProxy */ = {
			isa = PBXContainerItemProxy;
			containerPortal = AC633BE02306A7230078CF7E /* Project object */;
			proxyType = 1;
			remoteGlobalIDString = AC633BE72306A7230078CF7E;
			remoteInfo = React;
		};
/* End PBXContainerItemProxy section */

/* Begin PBXFileReference section */
		324684D0CCF7BCA780114E04 /* Pods_React.framework */ = {isa = PBXFileReference; explicitFileType = wrapper.framework; includeInIndex = 0; path = Pods_React.framework; sourceTree = BUILT_PRODUCTS_DIR; };
		5E8C7F4A67FB5C3FB4D01FEA /* Pods-ReactTests.release.xcconfig */ = {isa = PBXFileReference; includeInIndex = 1; lastKnownFileType = text.xcconfig; name = "Pods-ReactTests.release.xcconfig"; path = "Target Support Files/Pods-ReactTests/Pods-ReactTests.release.xcconfig"; sourceTree = "<group>"; };
		AC633BE82306A7230078CF7E /* React.app */ = {isa = PBXFileReference; explicitFileType = wrapper.application; includeInIndex = 0; path = React.app; sourceTree = BUILT_PRODUCTS_DIR; };
		AC633BEB2306A7230078CF7E /* AppDelegate.swift */ = {isa = PBXFileReference; lastKnownFileType = sourcecode.swift; path = AppDelegate.swift; sourceTree = "<group>"; };
		AC633BED2306A7230078CF7E /* ViewController.swift */ = {isa = PBXFileReference; lastKnownFileType = sourcecode.swift; path = ViewController.swift; sourceTree = "<group>"; };
		AC633BF02306A7230078CF7E /* Base */ = {isa = PBXFileReference; lastKnownFileType = file.storyboard; name = Base; path = Base.lproj/Main.storyboard; sourceTree = "<group>"; };
		AC633BF22306A7240078CF7E /* Assets.xcassets */ = {isa = PBXFileReference; lastKnownFileType = folder.assetcatalog; path = Assets.xcassets; sourceTree = "<group>"; };
		AC633BF52306A7240078CF7E /* Base */ = {isa = PBXFileReference; lastKnownFileType = file.storyboard; name = Base; path = Base.lproj/LaunchScreen.storyboard; sourceTree = "<group>"; };
		AC633BF72306A7240078CF7E /* Info.plist */ = {isa = PBXFileReference; lastKnownFileType = text.plist.xml; path = Info.plist; sourceTree = "<group>"; };
		AC633BFC2306A7240078CF7E /* ReactTests.xctest */ = {isa = PBXFileReference; explicitFileType = wrapper.cfbundle; includeInIndex = 0; path = ReactTests.xctest; sourceTree = BUILT_PRODUCTS_DIR; };
		AC633C002306A7240078CF7E /* ReactTests.swift */ = {isa = PBXFileReference; lastKnownFileType = sourcecode.swift; path = ReactTests.swift; sourceTree = "<group>"; };
		AC633C022306A7240078CF7E /* Info.plist */ = {isa = PBXFileReference; lastKnownFileType = text.plist.xml; path = Info.plist; sourceTree = "<group>"; };
		AC633C0B2306AE400078CF7E /* Localizable.strings */ = {isa = PBXFileReference; lastKnownFileType = text.plist.strings; path = Localizable.strings; sourceTree = "<group>"; };
		AD18D32816EDB7E9AAC0F018 /* Pods_ReactTests.framework */ = {isa = PBXFileReference; explicitFileType = wrapper.framework; includeInIndex = 0; path = Pods_ReactTests.framework; sourceTree = BUILT_PRODUCTS_DIR; };
		C1BE64A5458DE5C758AB1995 /* Pods-React.debug.xcconfig */ = {isa = PBXFileReference; includeInIndex = 1; lastKnownFileType = text.xcconfig; name = "Pods-React.debug.xcconfig"; path = "Target Support Files/Pods-React/Pods-React.debug.xcconfig"; sourceTree = "<group>"; };
		CA9DA3A74B941714181EC534 /* Pods-ReactTests.debug.xcconfig */ = {isa = PBXFileReference; includeInIndex = 1; lastKnownFileType = text.xcconfig; name = "Pods-ReactTests.debug.xcconfig"; path = "Target Support Files/Pods-ReactTests/Pods-ReactTests.debug.xcconfig"; sourceTree = "<group>"; };
		EADA04710D4D88BE7520277A /* Pods-React.release.xcconfig */ = {isa = PBXFileReference; includeInIndex = 1; lastKnownFileType = text.xcconfig; name = "Pods-React.release.xcconfig"; path = "Target Support Files/Pods-React/Pods-React.release.xcconfig"; sourceTree = "<group>"; };
/* End PBXFileReference section */

/* Begin PBXFrameworksBuildPhase section */
		AC633BE52306A7230078CF7E /* Frameworks */ = {
			isa = PBXFrameworksBuildPhase;
			buildActionMask = 2147483647;
			files = (
				103699ECE4FD51185645216E /* Pods_React.framework in Frameworks */,
			);
			runOnlyForDeploymentPostprocessing = 0;
		};
		AC633BF92306A7240078CF7E /* Frameworks */ = {
			isa = PBXFrameworksBuildPhase;
			buildActionMask = 2147483647;
			files = (
				BD2C972C516744893ADE0977 /* Pods_ReactTests.framework in Frameworks */,
			);
			runOnlyForDeploymentPostprocessing = 0;
		};
/* End PBXFrameworksBuildPhase section */

/* Begin PBXGroup section */
		9750590B9848CAC437859CEA /* Pods */ = {
			isa = PBXGroup;
			children = (
				C1BE64A5458DE5C758AB1995 /* Pods-React.debug.xcconfig */,
				EADA04710D4D88BE7520277A /* Pods-React.release.xcconfig */,
				CA9DA3A74B941714181EC534 /* Pods-ReactTests.debug.xcconfig */,
				5E8C7F4A67FB5C3FB4D01FEA /* Pods-ReactTests.release.xcconfig */,
			);
			path = Pods;
			sourceTree = "<group>";
		};
		AC633BDF2306A7230078CF7E = {
			isa = PBXGroup;
			children = (
				AC633BEA2306A7230078CF7E /* React */,
				AC633BFF2306A7240078CF7E /* ReactTests */,
				AC633BE92306A7230078CF7E /* Products */,
				9750590B9848CAC437859CEA /* Pods */,
				F10D41F3854ABBB241BC6531 /* Frameworks */,
			);
			sourceTree = "<group>";
		};
		AC633BE92306A7230078CF7E /* Products */ = {
			isa = PBXGroup;
			children = (
				AC633BE82306A7230078CF7E /* React.app */,
				AC633BFC2306A7240078CF7E /* ReactTests.xctest */,
			);
			name = Products;
			sourceTree = "<group>";
		};
		AC633BEA2306A7230078CF7E /* React */ = {
			isa = PBXGroup;
			children = (
				AC633BEB2306A7230078CF7E /* AppDelegate.swift */,
				AC633BED2306A7230078CF7E /* ViewController.swift */,
				AC633BEF2306A7230078CF7E /* Main.storyboard */,
				AC633BF22306A7240078CF7E /* Assets.xcassets */,
				AC633BF42306A7240078CF7E /* LaunchScreen.storyboard */,
				AC633BF72306A7240078CF7E /* Info.plist */,
				AC633C0B2306AE400078CF7E /* Localizable.strings */,
			);
			path = React;
			sourceTree = "<group>";
		};
		AC633BFF2306A7240078CF7E /* ReactTests */ = {
			isa = PBXGroup;
			children = (
				AC633C002306A7240078CF7E /* ReactTests.swift */,
				AC633C022306A7240078CF7E /* Info.plist */,
			);
			path = ReactTests;
			sourceTree = "<group>";
		};
		F10D41F3854ABBB241BC6531 /* Frameworks */ = {
			isa = PBXGroup;
			children = (
				324684D0CCF7BCA780114E04 /* Pods_React.framework */,
				AD18D32816EDB7E9AAC0F018 /* Pods_ReactTests.framework */,
			);
			name = Frameworks;
			sourceTree = "<group>";
		};
/* End PBXGroup section */

/* Begin PBXNativeTarget section */
		AC633BE72306A7230078CF7E /* React */ = {
			isa = PBXNativeTarget;
			buildConfigurationList = AC633C052306A7240078CF7E /* Build configuration list for PBXNativeTarget "React" */;
			buildPhases = (
				DDFFC0CC431CCE6353A4F2A7 /* [CP] Check Pods Manifest.lock */,
				AC633BE42306A7230078CF7E /* Sources */,
				AC633BE52306A7230078CF7E /* Frameworks */,
				AC633BE62306A7230078CF7E /* Resources */,
				989B04A68B708F9E5850685C /* [CP] Embed Pods Frameworks */,
			);
			buildRules = (
			);
			dependencies = (
			);
			name = React;
			productName = React;
			productReference = AC633BE82306A7230078CF7E /* React.app */;
			productType = "com.apple.product-type.application";
		};
		AC633BFB2306A7240078CF7E /* ReactTests */ = {
			isa = PBXNativeTarget;
			buildConfigurationList = AC633C082306A7240078CF7E /* Build configuration list for PBXNativeTarget "ReactTests" */;
			buildPhases = (
				4ABD65BD69BCFB833990D41F /* [CP] Check Pods Manifest.lock */,
				AC633BF82306A7240078CF7E /* Sources */,
				AC633BF92306A7240078CF7E /* Frameworks */,
				AC633BFA2306A7240078CF7E /* Resources */,
			);
			buildRules = (
			);
			dependencies = (
				AC633BFE2306A7240078CF7E /* PBXTargetDependency */,
			);
			name = ReactTests;
			productName = ReactTests;
			productReference = AC633BFC2306A7240078CF7E /* ReactTests.xctest */;
			productType = "com.apple.product-type.bundle.unit-test";
		};
/* End PBXNativeTarget section */

/* Begin PBXProject section */
		AC633BE02306A7230078CF7E /* Project object */ = {
			isa = PBXProject;
			attributes = {
				LastSwiftUpdateCheck = 1030;
				LastUpgradeCheck = 1030;
				ORGANIZATIONNAME = "Frank van Boheemen";
				TargetAttributes = {
					AC633BE72306A7230078CF7E = {
						CreatedOnToolsVersion = 10.3;
					};
					AC633BFB2306A7240078CF7E = {
						CreatedOnToolsVersion = 10.3;
						TestTargetID = AC633BE72306A7230078CF7E;
					};
				};
			};
			buildConfigurationList = AC633BE32306A7230078CF7E /* Build configuration list for PBXProject "React" */;
			compatibilityVersion = "Xcode 9.3";
			developmentRegion = en;
			hasScannedForEncodings = 0;
			knownRegions = (
				en,
				Base,
			);
			mainGroup = AC633BDF2306A7230078CF7E;
			productRefGroup = AC633BE92306A7230078CF7E /* Products */;
			projectDirPath = "";
			projectRoot = "";
			targets = (
				AC633BE72306A7230078CF7E /* React */,
				AC633BFB2306A7240078CF7E /* ReactTests */,
			);
		};
/* End PBXProject section */

/* Begin PBXResourcesBuildPhase section */
		AC633BE62306A7230078CF7E /* Resources */ = {
			isa = PBXResourcesBuildPhase;
			buildActionMask = 2147483647;
			files = (
				AC633BF62306A7240078CF7E /* LaunchScreen.storyboard in Resources */,
				AC633C0C2306AE400078CF7E /* Localizable.strings in Resources */,
				AC633BF32306A7240078CF7E /* Assets.xcassets in Resources */,
				AC633BF12306A7230078CF7E /* Main.storyboard in Resources */,
			);
			runOnlyForDeploymentPostprocessing = 0;
		};
		AC633BFA2306A7240078CF7E /* Resources */ = {
			isa = PBXResourcesBuildPhase;
			buildActionMask = 2147483647;
			files = (
			);
			runOnlyForDeploymentPostprocessing = 0;
		};
/* End PBXResourcesBuildPhase section */

/* Begin PBXShellScriptBuildPhase section */
		4ABD65BD69BCFB833990D41F /* [CP] Check Pods Manifest.lock */ = {
			isa = PBXShellScriptBuildPhase;
			buildActionMask = 2147483647;
			files = (
			);
			inputFileListPaths = (
			);
			inputPaths = (
				"${PODS_PODFILE_DIR_PATH}/Podfile.lock",
				"${PODS_ROOT}/Manifest.lock",
			);
			name = "[CP] Check Pods Manifest.lock";
			outputFileListPaths = (
			);
			outputPaths = (
				"$(DERIVED_FILE_DIR)/Pods-ReactTests-checkManifestLockResult.txt",
			);
			runOnlyForDeploymentPostprocessing = 0;
			shellPath = /bin/sh;
			shellScript = "diff \"${PODS_PODFILE_DIR_PATH}/Podfile.lock\" \"${PODS_ROOT}/Manifest.lock\" > /dev/null\nif [ $? != 0 ] ; then\n    # print error to STDERR\n    echo \"error: The sandbox is not in sync with the Podfile.lock. Run 'pod install' or update your CocoaPods installation.\" >&2\n    exit 1\nfi\n# This output is used by Xcode 'outputs' to avoid re-running this script phase.\necho \"SUCCESS\" > \"${SCRIPT_OUTPUT_FILE_0}\"\n";
			showEnvVarsInLog = 0;
		};
		989B04A68B708F9E5850685C /* [CP] Embed Pods Frameworks */ = {
			isa = PBXShellScriptBuildPhase;
			buildActionMask = 2147483647;
			files = (
			);
			inputFileListPaths = (
				"${PODS_ROOT}/Target Support Files/Pods-React/Pods-React-frameworks-${CONFIGURATION}-input-files.xcfilelist",
			);
			name = "[CP] Embed Pods Frameworks";
			outputFileListPaths = (
				"${PODS_ROOT}/Target Support Files/Pods-React/Pods-React-frameworks-${CONFIGURATION}-output-files.xcfilelist",
			);
			runOnlyForDeploymentPostprocessing = 0;
			shellPath = /bin/sh;
			shellScript = "\"${PODS_ROOT}/Target Support Files/Pods-React/Pods-React-frameworks.sh\"\n";
			showEnvVarsInLog = 0;
		};
		DDFFC0CC431CCE6353A4F2A7 /* [CP] Check Pods Manifest.lock */ = {
			isa = PBXShellScriptBuildPhase;
			buildActionMask = 2147483647;
			files = (
			);
			inputFileListPaths = (
			);
			inputPaths = (
				"${PODS_PODFILE_DIR_PATH}/Podfile.lock",
				"${PODS_ROOT}/Manifest.lock",
			);
			name = "[CP] Check Pods Manifest.lock";
			outputFileListPaths = (
			);
			outputPaths = (
				"$(DERIVED_FILE_DIR)/Pods-React-checkManifestLockResult.txt",
			);
			runOnlyForDeploymentPostprocessing = 0;
			shellPath = /bin/sh;
			shellScript = "diff \"${PODS_PODFILE_DIR_PATH}/Podfile.lock\" \"${PODS_ROOT}/Manifest.lock\" > /dev/null\nif [ $? != 0 ] ; then\n    # print error to STDERR\n    echo \"error: The sandbox is not in sync with the Podfile.lock. Run 'pod install' or update your CocoaPods installation.\" >&2\n    exit 1\nfi\n# This output is used by Xcode 'outputs' to avoid re-running this script phase.\necho \"SUCCESS\" > \"${SCRIPT_OUTPUT_FILE_0}\"\n";
			showEnvVarsInLog = 0;
		};
/* End PBXShellScriptBuildPhase section */

/* Begin PBXSourcesBuildPhase section */
		AC633BE42306A7230078CF7E /* Sources */ = {
			isa = PBXSourcesBuildPhase;
			buildActionMask = 2147483647;
			files = (
				AC633BEE2306A7230078CF7E /* ViewController.swift in Sources */,
				AC633BEC2306A7230078CF7E /* AppDelegate.swift in Sources */,
			);
			runOnlyForDeploymentPostprocessing = 0;
		};
		AC633BF82306A7240078CF7E /* Sources */ = {
			isa = PBXSourcesBuildPhase;
			buildActionMask = 2147483647;
			files = (
				AC633C012306A7240078CF7E /* ReactTests.swift in Sources */,
			);
			runOnlyForDeploymentPostprocessing = 0;
		};
/* End PBXSourcesBuildPhase section */

/* Begin PBXTargetDependency section */
		AC633BFE2306A7240078CF7E /* PBXTargetDependency */ = {
			isa = PBXTargetDependency;
			target = AC633BE72306A7230078CF7E /* React */;
			targetProxy = AC633BFD2306A7240078CF7E /* PBXContainerItemProxy */;
		};
/* End PBXTargetDependency section */

/* Begin PBXVariantGroup section */
		AC633BEF2306A7230078CF7E /* Main.storyboard */ = {
			isa = PBXVariantGroup;
			children = (
				AC633BF02306A7230078CF7E /* Base */,
			);
			name = Main.storyboard;
			sourceTree = "<group>";
		};
		AC633BF42306A7240078CF7E /* LaunchScreen.storyboard */ = {
			isa = PBXVariantGroup;
			children = (
				AC633BF52306A7240078CF7E /* Base */,
			);
			name = LaunchScreen.storyboard;
			sourceTree = "<group>";
		};
/* End PBXVariantGroup section */

/* Begin XCBuildConfiguration section */
		AC633C032306A7240078CF7E /* Debug */ = {
			isa = XCBuildConfiguration;
			buildSettings = {
				ALWAYS_SEARCH_USER_PATHS = NO;
				CLANG_ANALYZER_NONNULL = YES;
				CLANG_ANALYZER_NUMBER_OBJECT_CONVERSION = YES_AGGRESSIVE;
				CLANG_CXX_LANGUAGE_STANDARD = "gnu++14";
				CLANG_CXX_LIBRARY = "libc++";
				CLANG_ENABLE_MODULES = YES;
				CLANG_ENABLE_OBJC_ARC = YES;
				CLANG_ENABLE_OBJC_WEAK = YES;
				CLANG_WARN_BLOCK_CAPTURE_AUTORELEASING = YES;
				CLANG_WARN_BOOL_CONVERSION = YES;
				CLANG_WARN_COMMA = YES;
				CLANG_WARN_CONSTANT_CONVERSION = YES;
				CLANG_WARN_DEPRECATED_OBJC_IMPLEMENTATIONS = YES;
				CLANG_WARN_DIRECT_OBJC_ISA_USAGE = YES_ERROR;
				CLANG_WARN_DOCUMENTATION_COMMENTS = YES;
				CLANG_WARN_EMPTY_BODY = YES;
				CLANG_WARN_ENUM_CONVERSION = YES;
				CLANG_WARN_INFINITE_RECURSION = YES;
				CLANG_WARN_INT_CONVERSION = YES;
				CLANG_WARN_NON_LITERAL_NULL_CONVERSION = YES;
				CLANG_WARN_OBJC_IMPLICIT_RETAIN_SELF = YES;
				CLANG_WARN_OBJC_LITERAL_CONVERSION = YES;
				CLANG_WARN_OBJC_ROOT_CLASS = YES_ERROR;
				CLANG_WARN_RANGE_LOOP_ANALYSIS = YES;
				CLANG_WARN_STRICT_PROTOTYPES = YES;
				CLANG_WARN_SUSPICIOUS_MOVE = YES;
				CLANG_WARN_UNGUARDED_AVAILABILITY = YES_AGGRESSIVE;
				CLANG_WARN_UNREACHABLE_CODE = YES;
				CLANG_WARN__DUPLICATE_METHOD_MATCH = YES;
				CODE_SIGN_IDENTITY = "iPhone Developer";
				COPY_PHASE_STRIP = NO;
				DEBUG_INFORMATION_FORMAT = dwarf;
				ENABLE_STRICT_OBJC_MSGSEND = YES;
				ENABLE_TESTABILITY = YES;
				GCC_C_LANGUAGE_STANDARD = gnu11;
				GCC_DYNAMIC_NO_PIC = NO;
				GCC_NO_COMMON_BLOCKS = YES;
				GCC_OPTIMIZATION_LEVEL = 0;
				GCC_PREPROCESSOR_DEFINITIONS = (
					"DEBUG=1",
					"$(inherited)",
				);
				GCC_WARN_64_TO_32_BIT_CONVERSION = YES;
				GCC_WARN_ABOUT_RETURN_TYPE = YES_ERROR;
				GCC_WARN_UNDECLARED_SELECTOR = YES;
				GCC_WARN_UNINITIALIZED_AUTOS = YES_AGGRESSIVE;
				GCC_WARN_UNUSED_FUNCTION = YES;
				GCC_WARN_UNUSED_VARIABLE = YES;
				IPHONEOS_DEPLOYMENT_TARGET = 12.4;
				MTL_ENABLE_DEBUG_INFO = INCLUDE_SOURCE;
				MTL_FAST_MATH = YES;
				ONLY_ACTIVE_ARCH = YES;
				SDKROOT = iphoneos;
				SWIFT_ACTIVE_COMPILATION_CONDITIONS = DEBUG;
				SWIFT_OPTIMIZATION_LEVEL = "-Onone";
			};
			name = Debug;
		};
		AC633C042306A7240078CF7E /* Release */ = {
			isa = XCBuildConfiguration;
			buildSettings = {
				ALWAYS_SEARCH_USER_PATHS = NO;
				CLANG_ANALYZER_NONNULL = YES;
				CLANG_ANALYZER_NUMBER_OBJECT_CONVERSION = YES_AGGRESSIVE;
				CLANG_CXX_LANGUAGE_STANDARD = "gnu++14";
				CLANG_CXX_LIBRARY = "libc++";
				CLANG_ENABLE_MODULES = YES;
				CLANG_ENABLE_OBJC_ARC = YES;
				CLANG_ENABLE_OBJC_WEAK = YES;
				CLANG_WARN_BLOCK_CAPTURE_AUTORELEASING = YES;
				CLANG_WARN_BOOL_CONVERSION = YES;
				CLANG_WARN_COMMA = YES;
				CLANG_WARN_CONSTANT_CONVERSION = YES;
				CLANG_WARN_DEPRECATED_OBJC_IMPLEMENTATIONS = YES;
				CLANG_WARN_DIRECT_OBJC_ISA_USAGE = YES_ERROR;
				CLANG_WARN_DOCUMENTATION_COMMENTS = YES;
				CLANG_WARN_EMPTY_BODY = YES;
				CLANG_WARN_ENUM_CONVERSION = YES;
				CLANG_WARN_INFINITE_RECURSION = YES;
				CLANG_WARN_INT_CONVERSION = YES;
				CLANG_WARN_NON_LITERAL_NULL_CONVERSION = YES;
				CLANG_WARN_OBJC_IMPLICIT_RETAIN_SELF = YES;
				CLANG_WARN_OBJC_LITERAL_CONVERSION = YES;
				CLANG_WARN_OBJC_ROOT_CLASS = YES_ERROR;
				CLANG_WARN_RANGE_LOOP_ANALYSIS = YES;
				CLANG_WARN_STRICT_PROTOTYPES = YES;
				CLANG_WARN_SUSPICIOUS_MOVE = YES;
				CLANG_WARN_UNGUARDED_AVAILABILITY = YES_AGGRESSIVE;
				CLANG_WARN_UNREACHABLE_CODE = YES;
				CLANG_WARN__DUPLICATE_METHOD_MATCH = YES;
				CODE_SIGN_IDENTITY = "iPhone Developer";
				COPY_PHASE_STRIP = NO;
				DEBUG_INFORMATION_FORMAT = "dwarf-with-dsym";
				ENABLE_NS_ASSERTIONS = NO;
				ENABLE_STRICT_OBJC_MSGSEND = YES;
				GCC_C_LANGUAGE_STANDARD = gnu11;
				GCC_NO_COMMON_BLOCKS = YES;
				GCC_WARN_64_TO_32_BIT_CONVERSION = YES;
				GCC_WARN_ABOUT_RETURN_TYPE = YES_ERROR;
				GCC_WARN_UNDECLARED_SELECTOR = YES;
				GCC_WARN_UNINITIALIZED_AUTOS = YES_AGGRESSIVE;
				GCC_WARN_UNUSED_FUNCTION = YES;
				GCC_WARN_UNUSED_VARIABLE = YES;
				IPHONEOS_DEPLOYMENT_TARGET = 12.4;
				MTL_ENABLE_DEBUG_INFO = NO;
				MTL_FAST_MATH = YES;
				SDKROOT = iphoneos;
				SWIFT_COMPILATION_MODE = wholemodule;
				SWIFT_OPTIMIZATION_LEVEL = "-O";
				VALIDATE_PRODUCT = YES;
			};
			name = Release;
		};
		AC633C062306A7240078CF7E /* Debug */ = {
			isa = XCBuildConfiguration;
			baseConfigurationReference = C1BE64A5458DE5C758AB1995 /* Pods-React.debug.xcconfig */;
			buildSettings = {
				ASSETCATALOG_COMPILER_APPICON_NAME = AppIcon;
				CODE_SIGN_STYLE = Automatic;
				DEVELOPMENT_TEAM = L695Y8XJX3;
				INFOPLIST_FILE = React/Info.plist;
				LD_RUNPATH_SEARCH_PATHS = (
					"$(inherited)",
					"@executable_path/Frameworks",
				);
				PRODUCT_BUNDLE_IDENTIFIER = com.frankvanboheemen.React;
				PRODUCT_NAME = "$(TARGET_NAME)";
				SWIFT_VERSION = 5.0;
				TARGETED_DEVICE_FAMILY = "1,2";
			};
			name = Debug;
		};
		AC633C072306A7240078CF7E /* Release */ = {
			isa = XCBuildConfiguration;
			baseConfigurationReference = EADA04710D4D88BE7520277A /* Pods-React.release.xcconfig */;
			buildSettings = {
				ASSETCATALOG_COMPILER_APPICON_NAME = AppIcon;
				CODE_SIGN_STYLE = Automatic;
				DEVELOPMENT_TEAM = L695Y8XJX3;
				INFOPLIST_FILE = React/Info.plist;
				LD_RUNPATH_SEARCH_PATHS = (
					"$(inherited)",
					"@executable_path/Frameworks",
				);
				PRODUCT_BUNDLE_IDENTIFIER = com.frankvanboheemen.React;
				PRODUCT_NAME = "$(TARGET_NAME)";
				SWIFT_VERSION = 5.0;
				TARGETED_DEVICE_FAMILY = "1,2";
			};
			name = Release;
		};
		AC633C092306A7240078CF7E /* Debug */ = {
			isa = XCBuildConfiguration;
			baseConfigurationReference = CA9DA3A74B941714181EC534 /* Pods-ReactTests.debug.xcconfig */;
			buildSettings = {
				ALWAYS_EMBED_SWIFT_STANDARD_LIBRARIES = YES;
				BUNDLE_LOADER = "$(TEST_HOST)";
				CODE_SIGN_STYLE = Automatic;
				DEVELOPMENT_TEAM = L695Y8XJX3;
				INFOPLIST_FILE = ReactTests/Info.plist;
				LD_RUNPATH_SEARCH_PATHS = (
					"$(inherited)",
					"@executable_path/Frameworks",
					"@loader_path/Frameworks",
				);
				PRODUCT_BUNDLE_IDENTIFIER = com.frankvanboheemen.ReactTests;
				PRODUCT_NAME = "$(TARGET_NAME)";
				SWIFT_VERSION = 5.0;
				TARGETED_DEVICE_FAMILY = "1,2";
				TEST_HOST = "$(BUILT_PRODUCTS_DIR)/React.app/React";
			};
			name = Debug;
		};
		AC633C0A2306A7240078CF7E /* Release */ = {
			isa = XCBuildConfiguration;
			baseConfigurationReference = 5E8C7F4A67FB5C3FB4D01FEA /* Pods-ReactTests.release.xcconfig */;
			buildSettings = {
				ALWAYS_EMBED_SWIFT_STANDARD_LIBRARIES = YES;
				BUNDLE_LOADER = "$(TEST_HOST)";
				CODE_SIGN_STYLE = Automatic;
				DEVELOPMENT_TEAM = L695Y8XJX3;
				INFOPLIST_FILE = ReactTests/Info.plist;
				LD_RUNPATH_SEARCH_PATHS = (
					"$(inherited)",
					"@executable_path/Frameworks",
					"@loader_path/Frameworks",
				);
				PRODUCT_BUNDLE_IDENTIFIER = com.frankvanboheemen.ReactTests;
				PRODUCT_NAME = "$(TARGET_NAME)";
				SWIFT_VERSION = 5.0;
				TARGETED_DEVICE_FAMILY = "1,2";
				TEST_HOST = "$(BUILT_PRODUCTS_DIR)/React.app/React";
			};
			name = Release;
		};
/* End XCBuildConfiguration section */

/* Begin XCConfigurationList section */
		AC633BE32306A7230078CF7E /* Build configuration list for PBXProject "React" */ = {
			isa = XCConfigurationList;
			buildConfigurations = (
				AC633C032306A7240078CF7E /* Debug */,
				AC633C042306A7240078CF7E /* Release */,
			);
			defaultConfigurationIsVisible = 0;
			defaultConfigurationName = Release;
		};
		AC633C052306A7240078CF7E /* Build configuration list for PBXNativeTarget "React" */ = {
			isa = XCConfigurationList;
			buildConfigurations = (
				AC633C062306A7240078CF7E /* Debug */,
				AC633C072306A7240078CF7E /* Release */,
			);
			defaultConfigurationIsVisible = 0;
			defaultConfigurationName = Release;
		};
		AC633C082306A7240078CF7E /* Build configuration list for PBXNativeTarget "ReactTests" */ = {
			isa = XCConfigurationList;
			buildConfigurations = (
				AC633C092306A7240078CF7E /* Debug */,
				AC633C0A2306A7240078CF7E /* Release */,
			);
			defaultConfigurationIsVisible = 0;
			defaultConfigurationName = Release;
		};
/* End XCConfigurationList section */
	};
	rootObject = AC633BE02306A7230078CF7E /* Project object */;
}
